
Microsoft Visual Studio Solution File, Format Version 12.00
# Visual Studio 15
VisualStudioVersion = 15.0.27004.2009
MinimumVisualStudioVersion = 10.0.40219.1
Project("{FAE04EC0-301F-11D3-BF4B-00C04F79EFBC}") = "Droid", "AppMancsXamarinForms\AppMancsXamarinForms.Android\Droid.csproj", "{FBC05F0D-F00F-4055-9387-163CD61C4B98}"
EndProject
Project("{FAE04EC0-301F-11D3-BF4B-00C04F79EFBC}") = "AppMancs", "AppMancsXamarinForms\AppMancsXamarinForms\AppMancs.csproj", "{32A612EA-1617-470D-BE09-60AE6B71069C}"
EndProject
Project("{FAE04EC0-301F-11D3-BF4B-00C04F79EFBC}") = "iOS", "AppMancsXamarinForms\AppMancsXamarinForms.iOS\iOS.csproj", "{9AF58F8A-531E-499F-B11B-D2739227F261}"
EndProject
Project("{9A19103F-16F7-4668-BE54-9A1E7A4F7556}") = "DBAccess", "DBAccess\DBAccess.csproj", "{C57CC09B-8B9A-40FC-994D-7DC1A04FCAE2}"
EndProject
Project("{FAE04EC0-301F-11D3-BF4B-00C04F79EFBC}") = "Model", "Model\Model.csproj", "{C56B8B9C-E0D0-4ED0-BA30-B4FAAA237C1F}"
EndProject
Global
	GlobalSection(SolutionConfigurationPlatforms) = preSolution
		Ad-Hoc|Any CPU = Ad-Hoc|Any CPU
		Ad-Hoc|ARM = Ad-Hoc|ARM
		Ad-Hoc|iPhone = Ad-Hoc|iPhone
		Ad-Hoc|iPhoneSimulator = Ad-Hoc|iPhoneSimulator
		Ad-Hoc|x64 = Ad-Hoc|x64
		Ad-Hoc|x86 = Ad-Hoc|x86
		AppStore|Any CPU = AppStore|Any CPU
		AppStore|ARM = AppStore|ARM
		AppStore|iPhone = AppStore|iPhone
		AppStore|iPhoneSimulator = AppStore|iPhoneSimulator
		AppStore|x64 = AppStore|x64
		AppStore|x86 = AppStore|x86
		Debug|Any CPU = Debug|Any CPU
		Debug|ARM = Debug|ARM
		Debug|iPhone = Debug|iPhone
		Debug|iPhoneSimulator = Debug|iPhoneSimulator
		Debug|x64 = Debug|x64
		Debug|x86 = Debug|x86
		Release|Any CPU = Release|Any CPU
		Release|ARM = Release|ARM
		Release|iPhone = Release|iPhone
		Release|iPhoneSimulator = Release|iPhoneSimulator
		Release|x64 = Release|x64
		Release|x86 = Release|x86
	EndGlobalSection
	GlobalSection(ProjectConfigurationPlatforms) = postSolution
		{FBC05F0D-F00F-4055-9387-163CD61C4B98}.Ad-Hoc|Any CPU.ActiveCfg = Release|Any CPU
		{FBC05F0D-F00F-4055-9387-163CD61C4B98}.Ad-Hoc|Any CPU.Build.0 = Release|Any CPU
		{FBC05F0D-F00F-4055-9387-163CD61C4B98}.Ad-Hoc|Any CPU.Deploy.0 = Release|Any CPU
		{FBC05F0D-F00F-4055-9387-163CD61C4B98}.Ad-Hoc|ARM.ActiveCfg = Release|Any CPU
		{FBC05F0D-F00F-4055-9387-163CD61C4B98}.Ad-Hoc|ARM.Build.0 = Release|Any CPU
		{FBC05F0D-F00F-4055-9387-163CD61C4B98}.Ad-Hoc|ARM.Deploy.0 = Release|Any CPU
		{FBC05F0D-F00F-4055-9387-163CD61C4B98}.Ad-Hoc|iPhone.ActiveCfg = Release|Any CPU
		{FBC05F0D-F00F-4055-9387-163CD61C4B98}.Ad-Hoc|iPhone.Build.0 = Release|Any CPU
		{FBC05F0D-F00F-4055-9387-163CD61C4B98}.Ad-Hoc|iPhone.Deploy.0 = Release|Any CPU
		{FBC05F0D-F00F-4055-9387-163CD61C4B98}.Ad-Hoc|iPhoneSimulator.ActiveCfg = Release|Any CPU
		{FBC05F0D-F00F-4055-9387-163CD61C4B98}.Ad-Hoc|iPhoneSimulator.Build.0 = Release|Any CPU
		{FBC05F0D-F00F-4055-9387-163CD61C4B98}.Ad-Hoc|iPhoneSimulator.Deploy.0 = Release|Any CPU
		{FBC05F0D-F00F-4055-9387-163CD61C4B98}.Ad-Hoc|x64.ActiveCfg = Release|Any CPU
		{FBC05F0D-F00F-4055-9387-163CD61C4B98}.Ad-Hoc|x64.Build.0 = Release|Any CPU
		{FBC05F0D-F00F-4055-9387-163CD61C4B98}.Ad-Hoc|x64.Deploy.0 = Release|Any CPU
		{FBC05F0D-F00F-4055-9387-163CD61C4B98}.Ad-Hoc|x86.ActiveCfg = Release|Any CPU
		{FBC05F0D-F00F-4055-9387-163CD61C4B98}.Ad-Hoc|x86.Build.0 = Release|Any CPU
		{FBC05F0D-F00F-4055-9387-163CD61C4B98}.Ad-Hoc|x86.Deploy.0 = Release|Any CPU
		{FBC05F0D-F00F-4055-9387-163CD61C4B98}.AppStore|Any CPU.ActiveCfg = Release|Any CPU
		{FBC05F0D-F00F-4055-9387-163CD61C4B98}.AppStore|Any CPU.Build.0 = Release|Any CPU
		{FBC05F0D-F00F-4055-9387-163CD61C4B98}.AppStore|Any CPU.Deploy.0 = Release|Any CPU
		{FBC05F0D-F00F-4055-9387-163CD61C4B98}.AppStore|ARM.ActiveCfg = Release|Any CPU
		{FBC05F0D-F00F-4055-9387-163CD61C4B98}.AppStore|ARM.Build.0 = Release|Any CPU
		{FBC05F0D-F00F-4055-9387-163CD61C4B98}.AppStore|ARM.Deploy.0 = Release|Any CPU
		{FBC05F0D-F00F-4055-9387-163CD61C4B98}.AppStore|iPhone.ActiveCfg = Release|Any CPU
		{FBC05F0D-F00F-4055-9387-163CD61C4B98}.AppStore|iPhone.Build.0 = Release|Any CPU
		{FBC05F0D-F00F-4055-9387-163CD61C4B98}.AppStore|iPhone.Deploy.0 = Release|Any CPU
		{FBC05F0D-F00F-4055-9387-163CD61C4B98}.AppStore|iPhoneSimulator.ActiveCfg = Release|Any CPU
		{FBC05F0D-F00F-4055-9387-163CD61C4B98}.AppStore|iPhoneSimulator.Build.0 = Release|Any CPU
		{FBC05F0D-F00F-4055-9387-163CD61C4B98}.AppStore|iPhoneSimulator.Deploy.0 = Release|Any CPU
		{FBC05F0D-F00F-4055-9387-163CD61C4B98}.AppStore|x64.ActiveCfg = Release|Any CPU
		{FBC05F0D-F00F-4055-9387-163CD61C4B98}.AppStore|x64.Build.0 = Release|Any CPU
		{FBC05F0D-F00F-4055-9387-163CD61C4B98}.AppStore|x64.Deploy.0 = Release|Any CPU
		{FBC05F0D-F00F-4055-9387-163CD61C4B98}.AppStore|x86.ActiveCfg = Release|Any CPU
		{FBC05F0D-F00F-4055-9387-163CD61C4B98}.AppStore|x86.Build.0 = Release|Any CPU
		{FBC05F0D-F00F-4055-9387-163CD61C4B98}.AppStore|x86.Deploy.0 = Release|Any CPU
		{FBC05F0D-F00F-4055-9387-163CD61C4B98}.Debug|Any CPU.ActiveCfg = Debug|Any CPU
		{FBC05F0D-F00F-4055-9387-163CD61C4B98}.Debug|Any CPU.Build.0 = Debug|Any CPU
		{FBC05F0D-F00F-4055-9387-163CD61C4B98}.Debug|Any CPU.Deploy.0 = Debug|Any CPU
		{FBC05F0D-F00F-4055-9387-163CD61C4B98}.Debug|ARM.ActiveCfg = Debug|Any CPU
		{FBC05F0D-F00F-4055-9387-163CD61C4B98}.Debug|ARM.Build.0 = Debug|Any CPU
		{FBC05F0D-F00F-4055-9387-163CD61C4B98}.Debug|ARM.Deploy.0 = Debug|Any CPU
		{FBC05F0D-F00F-4055-9387-163CD61C4B98}.Debug|iPhone.ActiveCfg = Debug|Any CPU
		{FBC05F0D-F00F-4055-9387-163CD61C4B98}.Debug|iPhone.Build.0 = Debug|Any CPU
		{FBC05F0D-F00F-4055-9387-163CD61C4B98}.Debug|iPhone.Deploy.0 = Debug|Any CPU
		{FBC05F0D-F00F-4055-9387-163CD61C4B98}.Debug|iPhoneSimulator.ActiveCfg = Debug|Any CPU
		{FBC05F0D-F00F-4055-9387-163CD61C4B98}.Debug|iPhoneSimulator.Build.0 = Debug|Any CPU
		{FBC05F0D-F00F-4055-9387-163CD61C4B98}.Debug|iPhoneSimulator.Deploy.0 = Debug|Any CPU
		{FBC05F0D-F00F-4055-9387-163CD61C4B98}.Debug|x64.ActiveCfg = Debug|Any CPU
		{FBC05F0D-F00F-4055-9387-163CD61C4B98}.Debug|x64.Build.0 = Debug|Any CPU
		{FBC05F0D-F00F-4055-9387-163CD61C4B98}.Debug|x64.Deploy.0 = Debug|Any CPU
		{FBC05F0D-F00F-4055-9387-163CD61C4B98}.Debug|x86.ActiveCfg = Debug|Any CPU
		{FBC05F0D-F00F-4055-9387-163CD61C4B98}.Debug|x86.Build.0 = Debug|Any CPU
		{FBC05F0D-F00F-4055-9387-163CD61C4B98}.Debug|x86.Deploy.0 = Debug|Any CPU
		{FBC05F0D-F00F-4055-9387-163CD61C4B98}.Release|Any CPU.ActiveCfg = Release|Any CPU
		{FBC05F0D-F00F-4055-9387-163CD61C4B98}.Release|Any CPU.Build.0 = Release|Any CPU
		{FBC05F0D-F00F-4055-9387-163CD61C4B98}.Release|Any CPU.Deploy.0 = Release|Any CPU
		{FBC05F0D-F00F-4055-9387-163CD61C4B98}.Release|ARM.ActiveCfg = Release|Any CPU
		{FBC05F0D-F00F-4055-9387-163CD61C4B98}.Release|ARM.Build.0 = Release|Any CPU
		{FBC05F0D-F00F-4055-9387-163CD61C4B98}.Release|ARM.Deploy.0 = Release|Any CPU
		{FBC05F0D-F00F-4055-9387-163CD61C4B98}.Release|iPhone.ActiveCfg = Release|Any CPU
		{FBC05F0D-F00F-4055-9387-163CD61C4B98}.Release|iPhone.Build.0 = Release|Any CPU
		{FBC05F0D-F00F-4055-9387-163CD61C4B98}.Release|iPhone.Deploy.0 = Release|Any CPU
		{FBC05F0D-F00F-4055-9387-163CD61C4B98}.Release|iPhoneSimulator.ActiveCfg = Release|Any CPU
		{FBC05F0D-F00F-4055-9387-163CD61C4B98}.Release|iPhoneSimulator.Build.0 = Release|Any CPU
		{FBC05F0D-F00F-4055-9387-163CD61C4B98}.Release|iPhoneSimulator.Deploy.0 = Release|Any CPU
		{FBC05F0D-F00F-4055-9387-163CD61C4B98}.Release|x64.ActiveCfg = Release|Any CPU
		{FBC05F0D-F00F-4055-9387-163CD61C4B98}.Release|x64.Build.0 = Release|Any CPU
		{FBC05F0D-F00F-4055-9387-163CD61C4B98}.Release|x64.Deploy.0 = Release|Any CPU
		{FBC05F0D-F00F-4055-9387-163CD61C4B98}.Release|x86.ActiveCfg = Release|Any CPU
		{FBC05F0D-F00F-4055-9387-163CD61C4B98}.Release|x86.Build.0 = Release|Any CPU
		{FBC05F0D-F00F-4055-9387-163CD61C4B98}.Release|x86.Deploy.0 = Release|Any CPU
		{32A612EA-1617-470D-BE09-60AE6B71069C}.Ad-Hoc|Any CPU.ActiveCfg = Release|Any CPU
		{32A612EA-1617-470D-BE09-60AE6B71069C}.Ad-Hoc|Any CPU.Build.0 = Release|Any CPU
		{32A612EA-1617-470D-BE09-60AE6B71069C}.Ad-Hoc|ARM.ActiveCfg = Release|Any CPU
		{32A612EA-1617-470D-BE09-60AE6B71069C}.Ad-Hoc|ARM.Build.0 = Release|Any CPU
		{32A612EA-1617-470D-BE09-60AE6B71069C}.Ad-Hoc|iPhone.ActiveCfg = Release|Any CPU
		{32A612EA-1617-470D-BE09-60AE6B71069C}.Ad-Hoc|iPhone.Build.0 = Release|Any CPU
		{32A612EA-1617-470D-BE09-60AE6B71069C}.Ad-Hoc|iPhoneSimulator.ActiveCfg = Release|Any CPU
		{32A612EA-1617-470D-BE09-60AE6B71069C}.Ad-Hoc|iPhoneSimulator.Build.0 = Release|Any CPU
		{32A612EA-1617-470D-BE09-60AE6B71069C}.Ad-Hoc|x64.ActiveCfg = Release|Any CPU
		{32A612EA-1617-470D-BE09-60AE6B71069C}.Ad-Hoc|x64.Build.0 = Release|Any CPU
		{32A612EA-1617-470D-BE09-60AE6B71069C}.Ad-Hoc|x86.ActiveCfg = Release|Any CPU
		{32A612EA-1617-470D-BE09-60AE6B71069C}.Ad-Hoc|x86.Build.0 = Release|Any CPU
		{32A612EA-1617-470D-BE09-60AE6B71069C}.AppStore|Any CPU.ActiveCfg = Release|Any CPU
		{32A612EA-1617-470D-BE09-60AE6B71069C}.AppStore|Any CPU.Build.0 = Release|Any CPU
		{32A612EA-1617-470D-BE09-60AE6B71069C}.AppStore|ARM.ActiveCfg = Release|Any CPU
		{32A612EA-1617-470D-BE09-60AE6B71069C}.AppStore|ARM.Build.0 = Release|Any CPU
		{32A612EA-1617-470D-BE09-60AE6B71069C}.AppStore|iPhone.ActiveCfg = Release|Any CPU
		{32A612EA-1617-470D-BE09-60AE6B71069C}.AppStore|iPhone.Build.0 = Release|Any CPU
		{32A612EA-1617-470D-BE09-60AE6B71069C}.AppStore|iPhoneSimulator.ActiveCfg = Release|Any CPU
		{32A612EA-1617-470D-BE09-60AE6B71069C}.AppStore|iPhoneSimulator.Build.0 = Release|Any CPU
		{32A612EA-1617-470D-BE09-60AE6B71069C}.AppStore|x64.ActiveCfg = Release|Any CPU
		{32A612EA-1617-470D-BE09-60AE6B71069C}.AppStore|x64.Build.0 = Release|Any CPU
		{32A612EA-1617-470D-BE09-60AE6B71069C}.AppStore|x86.ActiveCfg = Release|Any CPU
		{32A612EA-1617-470D-BE09-60AE6B71069C}.AppStore|x86.Build.0 = Release|Any CPU
		{32A612EA-1617-470D-BE09-60AE6B71069C}.Debug|Any CPU.ActiveCfg = Debug|Any CPU
		{32A612EA-1617-470D-BE09-60AE6B71069C}.Debug|Any CPU.Build.0 = Debug|Any CPU
		{32A612EA-1617-470D-BE09-60AE6B71069C}.Debug|ARM.ActiveCfg = Debug|Any CPU
		{32A612EA-1617-470D-BE09-60AE6B71069C}.Debug|ARM.Build.0 = Debug|Any CPU
		{32A612EA-1617-470D-BE09-60AE6B71069C}.Debug|iPhone.ActiveCfg = Debug|Any CPU
		{32A612EA-1617-470D-BE09-60AE6B71069C}.Debug|iPhone.Build.0 = Debug|Any CPU
		{32A612EA-1617-470D-BE09-60AE6B71069C}.Debug|iPhoneSimulator.ActiveCfg = Debug|Any CPU
		{32A612EA-1617-470D-BE09-60AE6B71069C}.Debug|iPhoneSimulator.Build.0 = Debug|Any CPU
		{32A612EA-1617-470D-BE09-60AE6B71069C}.Debug|x64.ActiveCfg = Debug|Any CPU
		{32A612EA-1617-470D-BE09-60AE6B71069C}.Debug|x64.Build.0 = Debug|Any CPU
		{32A612EA-1617-470D-BE09-60AE6B71069C}.Debug|x86.ActiveCfg = Debug|Any CPU
		{32A612EA-1617-470D-BE09-60AE6B71069C}.Debug|x86.Build.0 = Debug|Any CPU
		{32A612EA-1617-470D-BE09-60AE6B71069C}.Release|Any CPU.ActiveCfg = Release|Any CPU
		{32A612EA-1617-470D-BE09-60AE6B71069C}.Release|Any CPU.Build.0 = Release|Any CPU
		{32A612EA-1617-470D-BE09-60AE6B71069C}.Release|ARM.ActiveCfg = Release|Any CPU
		{32A612EA-1617-470D-BE09-60AE6B71069C}.Release|ARM.Build.0 = Release|Any CPU
		{32A612EA-1617-470D-BE09-60AE6B71069C}.Release|iPhone.ActiveCfg = Release|Any CPU
		{32A612EA-1617-470D-BE09-60AE6B71069C}.Release|iPhone.Build.0 = Release|Any CPU
		{32A612EA-1617-470D-BE09-60AE6B71069C}.Release|iPhoneSimulator.ActiveCfg = Release|Any CPU
		{32A612EA-1617-470D-BE09-60AE6B71069C}.Release|iPhoneSimulator.Build.0 = Release|Any CPU
		{32A612EA-1617-470D-BE09-60AE6B71069C}.Release|x64.ActiveCfg = Release|Any CPU
		{32A612EA-1617-470D-BE09-60AE6B71069C}.Release|x64.Build.0 = Release|Any CPU
		{32A612EA-1617-470D-BE09-60AE6B71069C}.Release|x86.ActiveCfg = Release|Any CPU
		{32A612EA-1617-470D-BE09-60AE6B71069C}.Release|x86.Build.0 = Release|Any CPU
		{9AF58F8A-531E-499F-B11B-D2739227F261}.Ad-Hoc|Any CPU.ActiveCfg = Ad-Hoc|iPhoneSimulator
		{9AF58F8A-531E-499F-B11B-D2739227F261}.Ad-Hoc|ARM.ActiveCfg = Ad-Hoc|iPhone
		{9AF58F8A-531E-499F-B11B-D2739227F261}.Ad-Hoc|iPhone.ActiveCfg = Ad-Hoc|iPhone
		{9AF58F8A-531E-499F-B11B-D2739227F261}.Ad-Hoc|iPhone.Build.0 = Ad-Hoc|iPhone
		{9AF58F8A-531E-499F-B11B-D2739227F261}.Ad-Hoc|iPhoneSimulator.ActiveCfg = Ad-Hoc|iPhoneSimulator
		{9AF58F8A-531E-499F-B11B-D2739227F261}.Ad-Hoc|iPhoneSimulator.Build.0 = Ad-Hoc|iPhoneSimulator
		{9AF58F8A-531E-499F-B11B-D2739227F261}.Ad-Hoc|x64.ActiveCfg = Ad-Hoc|iPhone
		{9AF58F8A-531E-499F-B11B-D2739227F261}.Ad-Hoc|x86.ActiveCfg = Ad-Hoc|iPhone
		{9AF58F8A-531E-499F-B11B-D2739227F261}.AppStore|Any CPU.ActiveCfg = AppStore|iPhoneSimulator
		{9AF58F8A-531E-499F-B11B-D2739227F261}.AppStore|ARM.ActiveCfg = AppStore|iPhone
		{9AF58F8A-531E-499F-B11B-D2739227F261}.AppStore|iPhone.ActiveCfg = AppStore|iPhone
		{9AF58F8A-531E-499F-B11B-D2739227F261}.AppStore|iPhone.Build.0 = AppStore|iPhone
		{9AF58F8A-531E-499F-B11B-D2739227F261}.AppStore|iPhoneSimulator.ActiveCfg = AppStore|iPhoneSimulator
		{9AF58F8A-531E-499F-B11B-D2739227F261}.AppStore|iPhoneSimulator.Build.0 = AppStore|iPhoneSimulator
		{9AF58F8A-531E-499F-B11B-D2739227F261}.AppStore|x64.ActiveCfg = AppStore|iPhone
		{9AF58F8A-531E-499F-B11B-D2739227F261}.AppStore|x86.ActiveCfg = AppStore|iPhone
		{9AF58F8A-531E-499F-B11B-D2739227F261}.Debug|Any CPU.ActiveCfg = Debug|iPhoneSimulator
		{9AF58F8A-531E-499F-B11B-D2739227F261}.Debug|ARM.ActiveCfg = Debug|iPhone
		{9AF58F8A-531E-499F-B11B-D2739227F261}.Debug|iPhone.ActiveCfg = Debug|iPhone
		{9AF58F8A-531E-499F-B11B-D2739227F261}.Debug|iPhone.Build.0 = Debug|iPhone
		{9AF58F8A-531E-499F-B11B-D2739227F261}.Debug|iPhoneSimulator.ActiveCfg = Debug|iPhoneSimulator
		{9AF58F8A-531E-499F-B11B-D2739227F261}.Debug|iPhoneSimulator.Build.0 = Debug|iPhoneSimulator
		{9AF58F8A-531E-499F-B11B-D2739227F261}.Debug|x64.ActiveCfg = Debug|iPhone
		{9AF58F8A-531E-499F-B11B-D2739227F261}.Debug|x86.ActiveCfg = Debug|iPhone
		{9AF58F8A-531E-499F-B11B-D2739227F261}.Release|Any CPU.ActiveCfg = Release|iPhoneSimulator
		{9AF58F8A-531E-499F-B11B-D2739227F261}.Release|ARM.ActiveCfg = Release|iPhone
		{9AF58F8A-531E-499F-B11B-D2739227F261}.Release|iPhone.ActiveCfg = Release|iPhone
		{9AF58F8A-531E-499F-B11B-D2739227F261}.Release|iPhone.Build.0 = Release|iPhone
		{9AF58F8A-531E-499F-B11B-D2739227F261}.Release|iPhoneSimulator.ActiveCfg = Release|iPhoneSimulator
		{9AF58F8A-531E-499F-B11B-D2739227F261}.Release|iPhoneSimulator.Build.0 = Release|iPhoneSimulator
		{9AF58F8A-531E-499F-B11B-D2739227F261}.Release|x64.ActiveCfg = Release|iPhone
		{9AF58F8A-531E-499F-B11B-D2739227F261}.Release|x86.ActiveCfg = Release|iPhone
		{C57CC09B-8B9A-40FC-994D-7DC1A04FCAE2}.Ad-Hoc|Any CPU.ActiveCfg = Debug|Any CPU
		{C57CC09B-8B9A-40FC-994D-7DC1A04FCAE2}.Ad-Hoc|Any CPU.Build.0 = Debug|Any CPU
		{C57CC09B-8B9A-40FC-994D-7DC1A04FCAE2}.Ad-Hoc|ARM.ActiveCfg = Debug|Any CPU
		{C57CC09B-8B9A-40FC-994D-7DC1A04FCAE2}.Ad-Hoc|ARM.Build.0 = Debug|Any CPU
		{C57CC09B-8B9A-40FC-994D-7DC1A04FCAE2}.Ad-Hoc|iPhone.ActiveCfg = Debug|Any CPU
		{C57CC09B-8B9A-40FC-994D-7DC1A04FCAE2}.Ad-Hoc|iPhone.Build.0 = Debug|Any CPU
		{C57CC09B-8B9A-40FC-994D-7DC1A04FCAE2}.Ad-Hoc|iPhoneSimulator.ActiveCfg = Debug|Any CPU
		{C57CC09B-8B9A-40FC-994D-7DC1A04FCAE2}.Ad-Hoc|iPhoneSimulator.Build.0 = Debug|Any CPU
		{C57CC09B-8B9A-40FC-994D-7DC1A04FCAE2}.Ad-Hoc|x64.ActiveCfg = Debug|Any CPU
		{C57CC09B-8B9A-40FC-994D-7DC1A04FCAE2}.Ad-Hoc|x64.Build.0 = Debug|Any CPU
		{C57CC09B-8B9A-40FC-994D-7DC1A04FCAE2}.Ad-Hoc|x86.ActiveCfg = Debug|Any CPU
		{C57CC09B-8B9A-40FC-994D-7DC1A04FCAE2}.Ad-Hoc|x86.Build.0 = Debug|Any CPU
		{C57CC09B-8B9A-40FC-994D-7DC1A04FCAE2}.AppStore|Any CPU.ActiveCfg = Debug|Any CPU
		{C57CC09B-8B9A-40FC-994D-7DC1A04FCAE2}.AppStore|Any CPU.Build.0 = Debug|Any CPU
		{C57CC09B-8B9A-40FC-994D-7DC1A04FCAE2}.AppStore|ARM.ActiveCfg = Debug|Any CPU
		{C57CC09B-8B9A-40FC-994D-7DC1A04FCAE2}.AppStore|ARM.Build.0 = Debug|Any CPU
		{C57CC09B-8B9A-40FC-994D-7DC1A04FCAE2}.AppStore|iPhone.ActiveCfg = Debug|Any CPU
		{C57CC09B-8B9A-40FC-994D-7DC1A04FCAE2}.AppStore|iPhone.Build.0 = Debug|Any CPU
		{C57CC09B-8B9A-40FC-994D-7DC1A04FCAE2}.AppStore|iPhoneSimulator.ActiveCfg = Debug|Any CPU
		{C57CC09B-8B9A-40FC-994D-7DC1A04FCAE2}.AppStore|iPhoneSimulator.Build.0 = Debug|Any CPU
		{C57CC09B-8B9A-40FC-994D-7DC1A04FCAE2}.AppStore|x64.ActiveCfg = Debug|Any CPU
		{C57CC09B-8B9A-40FC-994D-7DC1A04FCAE2}.AppStore|x64.Build.0 = Debug|Any CPU
		{C57CC09B-8B9A-40FC-994D-7DC1A04FCAE2}.AppStore|x86.ActiveCfg = Debug|Any CPU
		{C57CC09B-8B9A-40FC-994D-7DC1A04FCAE2}.AppStore|x86.Build.0 = Debug|Any CPU
		{C57CC09B-8B9A-40FC-994D-7DC1A04FCAE2}.Debug|Any CPU.ActiveCfg = Debug|Any CPU
		{C57CC09B-8B9A-40FC-994D-7DC1A04FCAE2}.Debug|Any CPU.Build.0 = Debug|Any CPU
		{C57CC09B-8B9A-40FC-994D-7DC1A04FCAE2}.Debug|ARM.ActiveCfg = Debug|Any CPU
		{C57CC09B-8B9A-40FC-994D-7DC1A04FCAE2}.Debug|ARM.Build.0 = Debug|Any CPU
		{C57CC09B-8B9A-40FC-994D-7DC1A04FCAE2}.Debug|iPhone.ActiveCfg = Debug|Any CPU
		{C57CC09B-8B9A-40FC-994D-7DC1A04FCAE2}.Debug|iPhone.Build.0 = Debug|Any CPU
		{C57CC09B-8B9A-40FC-994D-7DC1A04FCAE2}.Debug|iPhoneSimulator.ActiveCfg = Debug|Any CPU
		{C57CC09B-8B9A-40FC-994D-7DC1A04FCAE2}.Debug|iPhoneSimulator.Build.0 = Debug|Any CPU
		{C57CC09B-8B9A-40FC-994D-7DC1A04FCAE2}.Debug|x64.ActiveCfg = Debug|Any CPU
		{C57CC09B-8B9A-40FC-994D-7DC1A04FCAE2}.Debug|x64.Build.0 = Debug|Any CPU
		{C57CC09B-8B9A-40FC-994D-7DC1A04FCAE2}.Debug|x86.ActiveCfg = Debug|Any CPU
		{C57CC09B-8B9A-40FC-994D-7DC1A04FCAE2}.Debug|x86.Build.0 = Debug|Any CPU
		{C57CC09B-8B9A-40FC-994D-7DC1A04FCAE2}.Release|Any CPU.ActiveCfg = Release|Any CPU
		{C57CC09B-8B9A-40FC-994D-7DC1A04FCAE2}.Release|Any CPU.Build.0 = Release|Any CPU
		{C57CC09B-8B9A-40FC-994D-7DC1A04FCAE2}.Release|ARM.ActiveCfg = Release|Any CPU
		{C57CC09B-8B9A-40FC-994D-7DC1A04FCAE2}.Release|ARM.Build.0 = Release|Any CPU
		{C57CC09B-8B9A-40FC-994D-7DC1A04FCAE2}.Release|iPhone.ActiveCfg = Release|Any CPU
		{C57CC09B-8B9A-40FC-994D-7DC1A04FCAE2}.Release|iPhone.Build.0 = Release|Any CPU
		{C57CC09B-8B9A-40FC-994D-7DC1A04FCAE2}.Release|iPhoneSimulator.ActiveCfg = Release|Any CPU
		{C57CC09B-8B9A-40FC-994D-7DC1A04FCAE2}.Release|iPhoneSimulator.Build.0 = Release|Any CPU
		{C57CC09B-8B9A-40FC-994D-7DC1A04FCAE2}.Release|x64.ActiveCfg = Release|Any CPU
		{C57CC09B-8B9A-40FC-994D-7DC1A04FCAE2}.Release|x64.Build.0 = Release|Any CPU
		{C57CC09B-8B9A-40FC-994D-7DC1A04FCAE2}.Release|x86.ActiveCfg = Release|Any CPU
		{C57CC09B-8B9A-40FC-994D-7DC1A04FCAE2}.Release|x86.Build.0 = Release|Any CPU
		{C56B8B9C-E0D0-4ED0-BA30-B4FAAA237C1F}.Ad-Hoc|Any CPU.ActiveCfg = Release|Any CPU
		{C56B8B9C-E0D0-4ED0-BA30-B4FAAA237C1F}.Ad-Hoc|Any CPU.Build.0 = Release|Any CPU
		{C56B8B9C-E0D0-4ED0-BA30-B4FAAA237C1F}.Ad-Hoc|ARM.ActiveCfg = Release|Any CPU
		{C56B8B9C-E0D0-4ED0-BA30-B4FAAA237C1F}.Ad-Hoc|ARM.Build.0 = Release|Any CPU
		{C56B8B9C-E0D0-4ED0-BA30-B4FAAA237C1F}.Ad-Hoc|iPhone.ActiveCfg = Release|Any CPU
		{C56B8B9C-E0D0-4ED0-BA30-B4FAAA237C1F}.Ad-Hoc|iPhone.Build.0 = Release|Any CPU
		{C56B8B9C-E0D0-4ED0-BA30-B4FAAA237C1F}.Ad-Hoc|iPhoneSimulator.ActiveCfg = Release|Any CPU
		{C56B8B9C-E0D0-4ED0-BA30-B4FAAA237C1F}.Ad-Hoc|iPhoneSimulator.Build.0 = Release|Any CPU
		{C56B8B9C-E0D0-4ED0-BA30-B4FAAA237C1F}.Ad-Hoc|x64.ActiveCfg = Release|Any CPU
		{C56B8B9C-E0D0-4ED0-BA30-B4FAAA237C1F}.Ad-Hoc|x64.Build.0 = Release|Any CPU
		{C56B8B9C-E0D0-4ED0-BA30-B4FAAA237C1F}.Ad-Hoc|x86.ActiveCfg = Release|Any CPU
		{C56B8B9C-E0D0-4ED0-BA30-B4FAAA237C1F}.Ad-Hoc|x86.Build.0 = Release|Any CPU
		{C56B8B9C-E0D0-4ED0-BA30-B4FAAA237C1F}.AppStore|Any CPU.ActiveCfg = Release|Any CPU
		{C56B8B9C-E0D0-4ED0-BA30-B4FAAA237C1F}.AppStore|Any CPU.Build.0 = Release|Any CPU
		{C56B8B9C-E0D0-4ED0-BA30-B4FAAA237C1F}.AppStore|ARM.ActiveCfg = Release|Any CPU
		{C56B8B9C-E0D0-4ED0-BA30-B4FAAA237C1F}.AppStore|ARM.Build.0 = Release|Any CPU
		{C56B8B9C-E0D0-4ED0-BA30-B4FAAA237C1F}.AppStore|iPhone.ActiveCfg = Release|Any CPU
		{C56B8B9C-E0D0-4ED0-BA30-B4FAAA237C1F}.AppStore|iPhone.Build.0 = Release|Any CPU
		{C56B8B9C-E0D0-4ED0-BA30-B4FAAA237C1F}.AppStore|iPhoneSimulator.ActiveCfg = Release|Any CPU
		{C56B8B9C-E0D0-4ED0-BA30-B4FAAA237C1F}.AppStore|iPhoneSimulator.Build.0 = Release|Any CPU
		{C56B8B9C-E0D0-4ED0-BA30-B4FAAA237C1F}.AppStore|x64.ActiveCfg = Release|Any CPU
		{C56B8B9C-E0D0-4ED0-BA30-B4FAAA237C1F}.AppStore|x64.Build.0 = Release|Any CPU
		{C56B8B9C-E0D0-4ED0-BA30-B4FAAA237C1F}.AppStore|x86.ActiveCfg = Release|Any CPU
		{C56B8B9C-E0D0-4ED0-BA30-B4FAAA237C1F}.AppStore|x86.Build.0 = Release|Any CPU
		{C56B8B9C-E0D0-4ED0-BA30-B4FAAA237C1F}.Debug|Any CPU.ActiveCfg = Debug|Any CPU
		{C56B8B9C-E0D0-4ED0-BA30-B4FAAA237C1F}.Debug|Any CPU.Build.0 = Debug|Any CPU
		{C56B8B9C-E0D0-4ED0-BA30-B4FAAA237C1F}.Debug|ARM.ActiveCfg = Debug|Any CPU
		{C56B8B9C-E0D0-4ED0-BA30-B4FAAA237C1F}.Debug|ARM.Build.0 = Debug|Any CPU
		{C56B8B9C-E0D0-4ED0-BA30-B4FAAA237C1F}.Debug|iPhone.ActiveCfg = Debug|Any CPU
		{C56B8B9C-E0D0-4ED0-BA30-B4FAAA237C1F}.Debug|iPhone.Build.0 = Debug|Any CPU
		{C56B8B9C-E0D0-4ED0-BA30-B4FAAA237C1F}.Debug|iPhoneSimulator.ActiveCfg = Debug|Any CPU
		{C56B8B9C-E0D0-4ED0-BA30-B4FAAA237C1F}.Debug|iPhoneSimulator.Build.0 = Debug|Any CPU
		{C56B8B9C-E0D0-4ED0-BA30-B4FAAA237C1F}.Debug|x64.ActiveCfg = Debug|Any CPU
		{C56B8B9C-E0D0-4ED0-BA30-B4FAAA237C1F}.Debug|x64.Build.0 = Debug|Any CPU
		{C56B8B9C-E0D0-4ED0-BA30-B4FAAA237C1F}.Debug|x86.ActiveCfg = Debug|Any CPU
		{C56B8B9C-E0D0-4ED0-BA30-B4FAAA237C1F}.Debug|x86.Build.0 = Debug|Any CPU
		{C56B8B9C-E0D0-4ED0-BA30-B4FAAA237C1F}.Release|Any CPU.ActiveCfg = Release|Any CPU
		{C56B8B9C-E0D0-4ED0-BA30-B4FAAA237C1F}.Release|Any CPU.Build.0 = Release|Any CPU
		{C56B8B9C-E0D0-4ED0-BA30-B4FAAA237C1F}.Release|ARM.ActiveCfg = Release|Any CPU
		{C56B8B9C-E0D0-4ED0-BA30-B4FAAA237C1F}.Release|ARM.Build.0 = Release|Any CPU
		{C56B8B9C-E0D0-4ED0-BA30-B4FAAA237C1F}.Release|iPhone.ActiveCfg = Release|Any CPU
		{C56B8B9C-E0D0-4ED0-BA30-B4FAAA237C1F}.Release|iPhone.Build.0 = Release|Any CPU
		{C56B8B9C-E0D0-4ED0-BA30-B4FAAA237C1F}.Release|iPhoneSimulator.ActiveCfg = Release|Any CPU
		{C56B8B9C-E0D0-4ED0-BA30-B4FAAA237C1F}.Release|iPhoneSimulator.Build.0 = Release|Any CPU
		{C56B8B9C-E0D0-4ED0-BA30-B4FAAA237C1F}.Release|x64.ActiveCfg = Release|Any CPU
		{C56B8B9C-E0D0-4ED0-BA30-B4FAAA237C1F}.Release|x64.Build.0 = Release|Any CPU
		{C56B8B9C-E0D0-4ED0-BA30-B4FAAA237C1F}.Release|x86.ActiveCfg = Release|Any CPU
		{C56B8B9C-E0D0-4ED0-BA30-B4FAAA237C1F}.Release|x86.Build.0 = Release|Any CPU
	EndGlobalSection
	GlobalSection(SolutionProperties) = preSolution
		HideSolutionNode = FALSE
	EndGlobalSection
	GlobalSection(ExtensibilityGlobals) = postSolution
		SolutionGuid = {21728042-42A2-4242-9008-D4BB288331AF}
	EndGlobalSection
EndGlobal
